
Microsoft Visual Studio Solution File, Format Version 12.00
# Visual Studio Version 16
VisualStudioVersion = 16.0.31205.134
MinimumVisualStudioVersion = 10.0.40219.1
Project("{9A19103F-16F7-4668-BE54-9A1E7A4F7556}") = "Backend.Handler", "Backend.Handler\Backend.Handler.csproj", "{8FA28214-5626-48B8-AA67-7486CF5A33B2}"
EndProject
Project("{9A19103F-16F7-4668-BE54-9A1E7A4F7556}") = "Backend.API", "Backend.API\Backend.API.csproj", "{68C4CA3A-8856-4D08-BD4F-20D2BEA128DE}"
EndProject
Project("{9A19103F-16F7-4668-BE54-9A1E7A4F7556}") = "Backend.Data", "Backend.Data\Backend.Data.csproj", "{95A6C75E-DFB5-4779-AD24-1207B5AA2AD2}"
EndProject
Project("{FAE04EC0-301F-11D3-BF4B-00C04F79EFBC}") = "Backend.Test", "Backend.Test\Backend.Test.csproj", "{215C8315-462E-4D93-B704-DF569FA57A4A}"
EndProject
Project("{FAE04EC0-301F-11D3-BF4B-00C04F79EFBC}") = "Backend.Shared", "Backend.Shared\Backend.Shared.csproj", "{2DF91EE9-CB52-4C8C-B351-58E3C29FD725}"
EndProject
Global
	GlobalSection(SolutionConfigurationPlatforms) = preSolution
		Debug|Any CPU = Debug|Any CPU
		Release|Any CPU = Release|Any CPU
	EndGlobalSection
	GlobalSection(ProjectConfigurationPlatforms) = postSolution
		{8FA28214-5626-48B8-AA67-7486CF5A33B2}.Debug|Any CPU.ActiveCfg = Debug|Any CPU
		{8FA28214-5626-48B8-AA67-7486CF5A33B2}.Debug|Any CPU.Build.0 = Debug|Any CPU
		{8FA28214-5626-48B8-AA67-7486CF5A33B2}.Release|Any CPU.ActiveCfg = Release|Any CPU
		{8FA28214-5626-48B8-AA67-7486CF5A33B2}.Release|Any CPU.Build.0 = Release|Any CPU
		{68C4CA3A-8856-4D08-BD4F-20D2BEA128DE}.Debug|Any CPU.ActiveCfg = Debug|Any CPU
		{68C4CA3A-8856-4D08-BD4F-20D2BEA128DE}.Debug|Any CPU.Build.0 = Debug|Any CPU
		{68C4CA3A-8856-4D08-BD4F-20D2BEA128DE}.Release|Any CPU.ActiveCfg = Release|Any CPU
		{68C4CA3A-8856-4D08-BD4F-20D2BEA128DE}.Release|Any CPU.Build.0 = Release|Any CPU
		{95A6C75E-DFB5-4779-AD24-1207B5AA2AD2}.Debug|Any CPU.ActiveCfg = Debug|Any CPU
		{95A6C75E-DFB5-4779-AD24-1207B5AA2AD2}.Debug|Any CPU.Build.0 = Debug|Any CPU
		{95A6C75E-DFB5-4779-AD24-1207B5AA2AD2}.Release|Any CPU.ActiveCfg = Release|Any CPU
		{95A6C75E-DFB5-4779-AD24-1207B5AA2AD2}.Release|Any CPU.Build.0 = Release|Any CPU
		{215C8315-462E-4D93-B704-DF569FA57A4A}.Debug|Any CPU.ActiveCfg = Debug|Any CPU
		{215C8315-462E-4D93-B704-DF569FA57A4A}.Debug|Any CPU.Build.0 = Debug|Any CPU
		{215C8315-462E-4D93-B704-DF569FA57A4A}.Release|Any CPU.ActiveCfg = Release|Any CPU
		{215C8315-462E-4D93-B704-DF569FA57A4A}.Release|Any CPU.Build.0 = Release|Any CPU
		{2DF91EE9-CB52-4C8C-B351-58E3C29FD725}.Debug|Any CPU.ActiveCfg = Debug|Any CPU
		{2DF91EE9-CB52-4C8C-B351-58E3C29FD725}.Debug|Any CPU.Build.0 = Debug|Any CPU
		{2DF91EE9-CB52-4C8C-B351-58E3C29FD725}.Release|Any CPU.ActiveCfg = Release|Any CPU
		{2DF91EE9-CB52-4C8C-B351-58E3C29FD725}.Release|Any CPU.Build.0 = Release|Any CPU
	EndGlobalSection
	GlobalSection(SolutionProperties) = preSolution
		HideSolutionNode = FALSE
	EndGlobalSection
	GlobalSection(ExtensibilityGlobals) = postSolution
		SolutionGuid = {4505E678-F0FF-4D11-A71D-5840E8D20235}
	EndGlobalSection
EndGlobal
